
Microsoft Visual Studio Solution File, Format Version 12.00
# Visual Studio Version 16
VisualStudioVersion = 25.0.1704.4
MinimumVisualStudioVersion = 10.0.40219.1
Project("{FAE04EC0-301F-11D3-BF4B-00C04F79EFBC}") = "frontend-api", "frontend-api.csproj", "{404477A4-C51C-42EA-94F8-081F10C2EE78}"
EndProject
Global
	GlobalSection(SolutionConfigurationPlatforms) = preSolution
		Debug|Any CPU = Debug|Any CPU
		Release|Any CPU = Release|Any CPU
	EndGlobalSection
	GlobalSection(ProjectConfigurationPlatforms) = postSolution
		{404477A4-C51C-42EA-94F8-081F10C2EE78}.Debug|Any CPU.ActiveCfg = Debug|Any CPU
		{404477A4-C51C-42EA-94F8-081F10C2EE78}.Debug|Any CPU.Build.0 = Debug|Any CPU
		{404477A4-C51C-42EA-94F8-081F10C2EE78}.Release|Any CPU.ActiveCfg = Release|Any CPU
		{404477A4-C51C-42EA-94F8-081F10C2EE78}.Release|Any CPU.Build.0 = Release|Any CPU
	EndGlobalSection
	GlobalSection(SolutionProperties) = preSolution
		HideSolutionNode = FALSE
	EndGlobalSection
	GlobalSection(ExtensibilityGlobals) = postSolution
		SolutionGuid = {794680AB-A6F4-4385-9F73-39B1F7F31A60}
	EndGlobalSection
EndGlobal
